
Microsoft Visual Studio Solution File, Format Version 12.00
# Visual Studio Version 17
VisualStudioVersion = 17.3.32901.215
MinimumVisualStudioVersion = 10.0.40219.1
Project("{FAE04EC0-301F-11D3-BF4B-00C04F79EFBC}") = "Inclass_ExampleGithub", "Inclass_ExampleGithub.csproj", "{C20152BA-5BEE-4BD1-98C3-D30FC7220653}"
EndProject
Global
	GlobalSection(SolutionConfigurationPlatforms) = preSolution
		Debug|Any CPU = Debug|Any CPU
		Release|Any CPU = Release|Any CPU
	EndGlobalSection
	GlobalSection(ProjectConfigurationPlatforms) = postSolution
		{C20152BA-5BEE-4BD1-98C3-D30FC7220653}.Debug|Any CPU.ActiveCfg = Debug|Any CPU
		{C20152BA-5BEE-4BD1-98C3-D30FC7220653}.Debug|Any CPU.Build.0 = Debug|Any CPU
		{C20152BA-5BEE-4BD1-98C3-D30FC7220653}.Release|Any CPU.ActiveCfg = Release|Any CPU
		{C20152BA-5BEE-4BD1-98C3-D30FC7220653}.Release|Any CPU.Build.0 = Release|Any CPU
	EndGlobalSection
	GlobalSection(SolutionProperties) = preSolution
		HideSolutionNode = FALSE
	EndGlobalSection
	GlobalSection(ExtensibilityGlobals) = postSolution
		SolutionGuid = {32EE43B7-6039-4C91-B533-E7728159F421}
	EndGlobalSection
EndGlobal
